
Microsoft Visual Studio Solution File, Format Version 12.00
# Visual Studio Version 17
VisualStudioVersion = 17.9.34607.119
MinimumVisualStudioVersion = 10.0.40219.1
Project("{FAE04EC0-301F-11D3-BF4B-00C04F79EFBC}") = "CashRegister", "CashRegister\CashRegister.csproj", "{6EBB9AB4-A5BF-47A5-8184-2C697A88C7B0}"
EndProject
Global
	GlobalSection(SolutionConfigurationPlatforms) = preSolution
		Debug|Any CPU = Debug|Any CPU
		Release|Any CPU = Release|Any CPU
	EndGlobalSection
	GlobalSection(ProjectConfigurationPlatforms) = postSolution
		{6EBB9AB4-A5BF-47A5-8184-2C697A88C7B0}.Debug|Any CPU.ActiveCfg = Debug|Any CPU
		{6EBB9AB4-A5BF-47A5-8184-2C697A88C7B0}.Debug|Any CPU.Build.0 = Debug|Any CPU
		{6EBB9AB4-A5BF-47A5-8184-2C697A88C7B0}.Release|Any CPU.ActiveCfg = Release|Any CPU
		{6EBB9AB4-A5BF-47A5-8184-2C697A88C7B0}.Release|Any CPU.Build.0 = Release|Any CPU
	EndGlobalSection
	GlobalSection(SolutionProperties) = preSolution
		HideSolutionNode = FALSE
	EndGlobalSection
	GlobalSection(ExtensibilityGlobals) = postSolution
		SolutionGuid = {03595762-CC1E-4041-A310-FD9F0F1EA11B}
	EndGlobalSection
EndGlobal
